
Microsoft Visual Studio Solution File, Format Version 12.00
Project("{FAE04EC0-301F-11D3-BF4B-00C04F79EFBC}") = "homework2", "homework2\homework2.csproj", "{708E8430-F382-4EF2-B106-DAF32F75586E}"
EndProject
Project("{FAE04EC0-301F-11D3-BF4B-00C04F79EFBC}") = "2", "2\2.csproj", "{E5B278BD-41D3-4C92-A2E9-288515ABE90F}"
EndProject
Global
	GlobalSection(SolutionConfigurationPlatforms) = preSolution
		Debug|Any CPU = Debug|Any CPU
		Release|Any CPU = Release|Any CPU
	EndGlobalSection
	GlobalSection(ProjectConfigurationPlatforms) = postSolution
		{708E8430-F382-4EF2-B106-DAF32F75586E}.Debug|Any CPU.ActiveCfg = Debug|Any CPU
		{708E8430-F382-4EF2-B106-DAF32F75586E}.Debug|Any CPU.Build.0 = Debug|Any CPU
		{708E8430-F382-4EF2-B106-DAF32F75586E}.Release|Any CPU.ActiveCfg = Release|Any CPU
		{708E8430-F382-4EF2-B106-DAF32F75586E}.Release|Any CPU.Build.0 = Release|Any CPU
		{E5B278BD-41D3-4C92-A2E9-288515ABE90F}.Debug|Any CPU.ActiveCfg = Debug|Any CPU
		{E5B278BD-41D3-4C92-A2E9-288515ABE90F}.Debug|Any CPU.Build.0 = Debug|Any CPU
		{E5B278BD-41D3-4C92-A2E9-288515ABE90F}.Release|Any CPU.ActiveCfg = Release|Any CPU
		{E5B278BD-41D3-4C92-A2E9-288515ABE90F}.Release|Any CPU.Build.0 = Release|Any CPU
	EndGlobalSection
EndGlobal
