
Microsoft Visual Studio Solution File, Format Version 12.00
Project("{FAE04EC0-301F-11D3-BF4B-00C04F79EFBC}") = "Homework_1", "Homework_1\Homework_1.csproj", "{62D6B33D-99EF-4830-87B1-064DA31204E6}"
EndProject
Global
	GlobalSection(SolutionConfigurationPlatforms) = preSolution
		Debug|Any CPU = Debug|Any CPU
		Release|Any CPU = Release|Any CPU
	EndGlobalSection
	GlobalSection(ProjectConfigurationPlatforms) = postSolution
		{62D6B33D-99EF-4830-87B1-064DA31204E6}.Debug|Any CPU.ActiveCfg = Debug|Any CPU
		{62D6B33D-99EF-4830-87B1-064DA31204E6}.Debug|Any CPU.Build.0 = Debug|Any CPU
		{62D6B33D-99EF-4830-87B1-064DA31204E6}.Release|Any CPU.ActiveCfg = Release|Any CPU
		{62D6B33D-99EF-4830-87B1-064DA31204E6}.Release|Any CPU.Build.0 = Release|Any CPU
	EndGlobalSection
EndGlobal
